
Microsoft Visual Studio Solution File, Format Version 12.00
# Visual Studio 15
VisualStudioVersion = 15.0.28010.2016
MinimumVisualStudioVersion = 10.0.40219.1
Project("{FAE04EC0-301F-11D3-BF4B-00C04F79EFBC}") = "ProgressService", "ProgressService\ProgressService.csproj", "{06BEA734-AA9F-49C3-AF55-614F4763A78A}"
EndProject
Project("{E24C65DC-7377-472B-9ABA-BC803B73C61A}") = "ProgressServiceClient", "ProgressServiceClient\", "{328A9E76-31FF-474F-8D35-56D8A37A7E7F}"
	ProjectSection(WebsiteProperties) = preProject
		TargetFrameworkMoniker = ".NETFramework,Version%3Dv4.6.1"
		Debug.AspNetCompiler.VirtualPath = "/localhost_50906"
		Debug.AspNetCompiler.PhysicalPath = "ProgressServiceClient\"
		Debug.AspNetCompiler.TargetPath = "PrecompiledWeb\localhost_50906\"
		Debug.AspNetCompiler.Updateable = "true"
		Debug.AspNetCompiler.ForceOverwrite = "true"
		Debug.AspNetCompiler.FixedNames = "false"
		Debug.AspNetCompiler.Debug = "True"
		Release.AspNetCompiler.VirtualPath = "/localhost_50906"
		Release.AspNetCompiler.PhysicalPath = "ProgressServiceClient\"
		Release.AspNetCompiler.TargetPath = "PrecompiledWeb\localhost_50906\"
		Release.AspNetCompiler.Updateable = "true"
		Release.AspNetCompiler.ForceOverwrite = "true"
		Release.AspNetCompiler.FixedNames = "false"
		Release.AspNetCompiler.Debug = "False"
		VWDPort = "50906"
		SlnRelativePath = "ProgressServiceClient\"
		DefaultWebSiteLanguage = "Visual C#"
	EndProjectSection
EndProject
Global
	GlobalSection(SolutionConfigurationPlatforms) = preSolution
		Debug|Any CPU = Debug|Any CPU
		Release|Any CPU = Release|Any CPU
	EndGlobalSection
	GlobalSection(ProjectConfigurationPlatforms) = postSolution
		{06BEA734-AA9F-49C3-AF55-614F4763A78A}.Debug|Any CPU.ActiveCfg = Debug|Any CPU
		{06BEA734-AA9F-49C3-AF55-614F4763A78A}.Debug|Any CPU.Build.0 = Debug|Any CPU
		{06BEA734-AA9F-49C3-AF55-614F4763A78A}.Release|Any CPU.ActiveCfg = Release|Any CPU
		{06BEA734-AA9F-49C3-AF55-614F4763A78A}.Release|Any CPU.Build.0 = Release|Any CPU
		{328A9E76-31FF-474F-8D35-56D8A37A7E7F}.Debug|Any CPU.ActiveCfg = Debug|Any CPU
		{328A9E76-31FF-474F-8D35-56D8A37A7E7F}.Debug|Any CPU.Build.0 = Debug|Any CPU
		{328A9E76-31FF-474F-8D35-56D8A37A7E7F}.Release|Any CPU.ActiveCfg = Debug|Any CPU
		{328A9E76-31FF-474F-8D35-56D8A37A7E7F}.Release|Any CPU.Build.0 = Debug|Any CPU
	EndGlobalSection
	GlobalSection(SolutionProperties) = preSolution
		HideSolutionNode = FALSE
	EndGlobalSection
	GlobalSection(ExtensibilityGlobals) = postSolution
		SolutionGuid = {EFE03E4C-6145-433F-A34E-90EE7B692B93}
	EndGlobalSection
EndGlobal
